
Microsoft Visual Studio Solution File, Format Version 12.00
# Visual Studio Version 17
VisualStudioVersion = 17.11.35222.181
MinimumVisualStudioVersion = 10.0.40219.1
Project("{8BC9CEB8-8B4A-11D0-8D11-00A0C91BC942}") = "volkova_lab4", "volkova_lab4.vcxproj", "{930A32A5-5B29-405F-BB2E-D6D1129DDCD6}"
EndProject
Global
	GlobalSection(SolutionConfigurationPlatforms) = preSolution
		Debug|x64 = Debug|x64
		Debug|x86 = Debug|x86
		Release|x64 = Release|x64
		Release|x86 = Release|x86
	EndGlobalSection
	GlobalSection(ProjectConfigurationPlatforms) = postSolution
		{930A32A5-5B29-405F-BB2E-D6D1129DDCD6}.Debug|x64.ActiveCfg = Debug|x64
		{930A32A5-5B29-405F-BB2E-D6D1129DDCD6}.Debug|x64.Build.0 = Debug|x64
		{930A32A5-5B29-405F-BB2E-D6D1129DDCD6}.Debug|x86.ActiveCfg = Debug|Win32
		{930A32A5-5B29-405F-BB2E-D6D1129DDCD6}.Debug|x86.Build.0 = Debug|Win32
		{930A32A5-5B29-405F-BB2E-D6D1129DDCD6}.Release|x64.ActiveCfg = Release|x64
		{930A32A5-5B29-405F-BB2E-D6D1129DDCD6}.Release|x64.Build.0 = Release|x64
		{930A32A5-5B29-405F-BB2E-D6D1129DDCD6}.Release|x86.ActiveCfg = Release|Win32
		{930A32A5-5B29-405F-BB2E-D6D1129DDCD6}.Release|x86.Build.0 = Release|Win32
	EndGlobalSection
	GlobalSection(SolutionProperties) = preSolution
		HideSolutionNode = FALSE
	EndGlobalSection
	GlobalSection(ExtensibilityGlobals) = postSolution
		SolutionGuid = {EC888F7B-ADF3-497C-A641-CC4D4E6E8D0C}
	EndGlobalSection
EndGlobal
